lockfileVersion: '6.0'

dependencies:
  '@primitivexyz/portfolio':
    specifier: 1.1.1-beta
    version: 1.1.1-beta
  dotenv:
    specifier: ^16.0.3
    version: 16.0.3
  viem:
    specifier: ^0.3.13
    version: 0.3.13(typescript@5.0.4)

devDependencies:
  '@types/node':
    specifier: ^18.16.2
    version: 18.16.2
  prettier:
    specifier: ^2.8.8
    version: 2.8.8
  typescript:
    specifier: ^5.0.4
    version: 5.0.4

packages:

  /@adraffy/ens-normalize@1.9.0:
    resolution: {integrity: sha512-iowxq3U30sghZotgl4s/oJRci6WPBfNO5YYgk2cIOMCHr3LeGPcsZjCEr+33Q4N+oV3OABDAtA+pyvWjbvBifQ==}
    dev: false

  /@noble/curves@0.8.3:
    resolution: {integrity: sha512-OqaOf4RWDaCRuBKJLDURrgVxjLmneGsiCXGuzYB5y95YithZMA6w4uk34DHSm0rKMrrYiaeZj48/81EvaAScLQ==}
    dependencies:
      '@noble/hashes': 1.3.0
    dev: false

  /@noble/curves@0.9.0:
    resolution: {integrity: sha512-OAdtHMXBp7Chl2lcTn/i7vnFX/q+hhTwDnek5NfYfZsY4LyaUuHCcoq2JlLY3BTFTLT+ZhYZalhF6ejlV7KnJQ==}
    dependencies:
      '@noble/hashes': 1.3.0
    dev: false

  /@noble/hashes@1.3.0:
    resolution: {integrity: sha512-ilHEACi9DwqJB0pw7kv+Apvh50jiiSyR/cQ3y4W7lOR5mhvn/50FLUfsnfJz0BDZtl/RR16kXvptiv6q1msYZg==}
    dev: false

  /@primitivexyz/portfolio@1.1.1-beta:
    resolution: {integrity: sha512-rykrmHEc5HkmzWPF2p8nrmUfugU4wJt6TfaAnvWQr35pxHRqv0jE7MKAr66ArOOUsZ/fK7v472OvaAbslC74fA==}
    dev: false

  /@scure/base@1.1.1:
    resolution: {integrity: sha512-ZxOhsSyxYwLJj3pLZCefNitxsj093tb2vq90mp2txoYeBqbcjDjqFhyM8eUjq/uFm6zJ+mUuqxlS2FkuSY1MTA==}
    dev: false

  /@scure/bip32@1.2.0:
    resolution: {integrity: sha512-O+vT/hBVk+ag2i6j2CDemwd1E1MtGt+7O1KzrPNsaNvSsiEK55MyPIxJIMI2PS8Ijj464B2VbQlpRoQXxw1uHg==}
    dependencies:
      '@noble/curves': 0.8.3
      '@noble/hashes': 1.3.0
      '@scure/base': 1.1.1
    dev: false

  /@scure/bip39@1.2.0:
    resolution: {integrity: sha512-SX/uKq52cuxm4YFXWFaVByaSHJh2w3BnokVSeUJVCv6K7WulT9u2BuNRBhuFl8vAuYnzx9bEu9WgpcNYTrYieg==}
    dependencies:
      '@noble/hashes': 1.3.0
      '@scure/base': 1.1.1
    dev: false

  /@types/node@18.16.2:
    resolution: {integrity: sha512-GQW/JL/5Fz/0I8RpeBG9lKp0+aNcXEaVL71c0D2Q0QHDTFvlYKT7an0onCUXj85anv7b4/WesqdfchLc0jtsCg==}
    dev: true

  /@wagmi/chains@0.2.16(typescript@5.0.4):
    resolution: {integrity: sha512-rkWaI2PxCnbD8G07ZZff5QXftnSkYL0h5f4DkHCG3fGYYr/ZDvmCL4bMae7j7A9sAif1csPPBmbCzHp3R5ogCQ==}
    peerDependencies:
      typescript: '>=4.9.4'
    peerDependenciesMeta:
      typescript:
        optional: true
    dependencies:
      typescript: 5.0.4
    dev: false

  /abitype@0.7.1(typescript@5.0.4):
    resolution: {integrity: sha512-VBkRHTDZf9Myaek/dO3yMmOzB/y2s3Zo6nVU7yaw1G+TvCHAjwaJzNGN9yo4K5D8bU/VZXKP1EJpRhFr862PlQ==}
    peerDependencies:
      typescript: '>=4.9.4'
      zod: ^3 >=3.19.1
    peerDependenciesMeta:
      zod:
        optional: true
    dependencies:
      typescript: 5.0.4
    dev: false

  /dotenv@16.0.3:
    resolution: {integrity: sha512-7GO6HghkA5fYG9TYnNxi14/7K9f5occMlp3zXAuSxn7CKCxt9xbNWG7yF8hTCSUchlfWSe3uLmlPfigevRItzQ==}
    engines: {node: '>=12'}
    dev: false

  /isomorphic-ws@5.0.0(ws@8.12.0):
    resolution: {integrity: sha512-muId7Zzn9ywDsyXgTIafTry2sV3nySZeUDe6YedVd1Hvuuep5AsIlqK+XefWpYTyJG5e503F2xIuT2lcU6rCSw==}
    peerDependencies:
      ws: '*'
    dependencies:
      ws: 8.12.0
    dev: false

  /prettier@2.8.8:
    resolution: {integrity: sha512-tdN8qQGvNjw4CHbY+XXk0JgCXn9QiF21a55rBe5LJAU+kDyC4WQn4+awm2Xfk2lQMk5fKup9XgzTZtGkjBdP9Q==}
    engines: {node: '>=10.13.0'}
    hasBin: true
    dev: true

  /typescript@5.0.4:
    resolution: {integrity: sha512-cW9T5W9xY37cc+jfEnaUvX91foxtHkza3Nw3wkoF4sSlKn0MONdkdEndig/qPBWXNkmplh3NzayQzCiHM4/hqw==}
    engines: {node: '>=12.20'}
    hasBin: true

  /viem@0.3.13(typescript@5.0.4):
    resolution: {integrity: sha512-rTePTCaL1Wn+40qZVkqJz01pOquorpymX7k3F6wZv7x07qfMJRD3NgfLk9Gg//5HUB/zsEmYDHIpW7YLLGPwrA==}
    dependencies:
      '@adraffy/ens-normalize': 1.9.0
      '@noble/curves': 0.9.0
      '@noble/hashes': 1.3.0
      '@scure/bip32': 1.2.0
      '@scure/bip39': 1.2.0
      '@wagmi/chains': 0.2.16(typescript@5.0.4)
      abitype: 0.7.1(typescript@5.0.4)
      isomorphic-ws: 5.0.0(ws@8.12.0)
      ws: 8.12.0
    transitivePeerDependencies:
      - bufferutil
      - typescript
      - utf-8-validate
      - zod
    dev: false

  /ws@8.12.0:
    resolution: {integrity: sha512-kU62emKIdKVeEIOIKVegvqpXMSTAMLJozpHZaJNDYqBjzlSYXQGviYwN1osDLJ9av68qHd4a2oSjd7yD4pacig==}
    engines: {node: '>=10.0.0'}
    peerDependencies:
      bufferutil: ^4.0.1
      utf-8-validate: '>=5.0.2'
    peerDependenciesMeta:
      bufferutil:
        optional: true
      utf-8-validate:
        optional: true
    dev: false
